{
  "version": 4,
  "terraform_version": "1.1.9",
  "serial": 22,
  "lineage": "1b026b8b-efda-15f3-4ed7-3535cd113cc7",
  "outputs": {},
  "resources": [
    {
      "mode": "managed",
      "type": "yandex_compute_instance",
      "name": "vm-1",
      "provider": "provider[\"terraform-registry.storage.yandexcloud.net/yandex-cloud/yandex\"]",
      "instances": []
    },
    {
      "mode": "managed",
      "type": "yandex_compute_instance",
      "name": "vm-2",
      "provider": "provider[\"terraform-registry.storage.yandexcloud.net/yandex-cloud/yandex\"]",
      "instances": [
        {
          "schema_version": 1,
          "attributes": {
            "allow_stopping_for_update": null,
            "boot_disk": [
              {
                "auto_delete": true,
                "device_name": "fhmvrs0kc5ota2nf73d5",
                "disk_id": "fhmvrs0kc5ota2nf73d5",
                "initialize_params": [
                  {
                    "block_size": 4096,
                    "description": "",
                    "image_id": "fd800n45ob5uggkrooi8",
                    "name": "",
                    "size": 15,
                    "snapshot_id": "",
                    "type": "network-hdd"
                  }
                ],
                "mode": "READ_WRITE"
              }
            ],
            "created_at": "2022-07-07T13:09:51Z",
            "description": "",
            "folder_id": "b1gmev5moakrt87230is",
            "fqdn": "fhmrbs1mvpf0ddebt043.auto.internal",
            "hostname": "fhmrbs1mvpf0ddebt043",
            "id": "fhmrbs1mvpf0ddebt043",
            "labels": null,
            "metadata": {
              "user-data": "#cloud-config\nusers:\n    - name: admin\n      groups: sudo\n      shell: /bin/bash\n      sudo: ['ALL=(ALL) NOPASSWD:ALL']\n      passwd: admin\n      ssh_authorized_keys: \n        - ssh-rsa AAAAB3NzaC1yc2EAAAADAQABAAABgQDO1PKtrAkY8cvg848x2hq/koOhBtvtnCo+5VXv8DMUGuBuapdc2TovyIXLgKIqja4/wN1eJDrl+3u+Ej5yx3IurmdtHnLgiZRm6eV/5aJMMsG7BwBMFvAcigb1Ci7xbKOZGVA+8GsAD0Iq1G+L7XFDQ7Gum9dvc6Zoonrxw8Oj8uxOcaCpdWxlZknPwb4G0S2C+ULg+XdPPD9zXiW7rvmEtcLiTKMQC6bkoPNHuZp4jJqgkc+bQaojI127ELCY5uHzrWRv1LEBTD+Dsq+SlD8sbTYh/cGwZfIT4nJlf85UoPNCa/QcDFjIaUFaHT7hyMzIcdVoVW8JjAawj2Y866053zA4m1boNn5OZ3vOv5isqYUQZORdn0IVA0AOeO/fcqXFQk4ekc/1ADE0rGihs4XkZGeepodwfGhQDYDTZmEeizKj9oZABxYR/g/PfZBv75mYA6U8Wlf2s6kq5VXqDyGuYK97LOSBVbMyHpL1MTKahd+cb3AV1p1rIe/WCdbc84k= terra@TerraAnsMPP"
            },
            "name": "data",
            "network_acceleration_type": "standard",
            "network_interface": [
              {
                "dns_record": [],
                "index": 0,
                "ip_address": "10.128.0.11",
                "ipv4": true,
                "ipv6": false,
                "ipv6_address": "",
                "ipv6_dns_record": [],
                "mac_address": "d0:0d:1b:5f:03:6f",
                "nat": true,
                "nat_dns_record": [],
                "nat_ip_address": "51.250.94.19",
                "nat_ip_version": "IPV4",
                "security_group_ids": [],
                "subnet_id": "e9bpen7ln9abjbcsud2l"
              }
            ],
            "placement_policy": [
              {
                "placement_group_id": ""
              }
            ],
            "platform_id": "standard-v1",
            "resources": [
              {
                "core_fraction": 100,
                "cores": 2,
                "gpus": 0,
                "memory": 4
              }
            ],
            "scheduling_policy": [
              {
                "preemptible": false
              }
            ],
            "secondary_disk": [],
            "service_account_id": "",
            "status": "running",
            "timeouts": null,
            "zone": "ru-central1-a"
          },
          "sensitive_attributes": [],
          "private": "eyJlMmJmYjczMC1lY2FhLTExZTYtOGY4OC0zNDM2M2JjN2M0YzAiOnsiY3JlYXRlIjozMDAwMDAwMDAwMDAsImRlbGV0ZSI6MzAwMDAwMDAwMDAwLCJ1cGRhdGUiOjMwMDAwMDAwMDAwMH0sInNjaGVtYV92ZXJzaW9uIjoiMSJ9"
        }
      ]
    },
    {
      "mode": "managed",
      "type": "yandex_compute_instance",
      "name": "vm-3",
      "provider": "provider[\"terraform-registry.storage.yandexcloud.net/yandex-cloud/yandex\"]",
      "instances": [
        {
          "schema_version": 1,
          "attributes": {
            "allow_stopping_for_update": null,
            "boot_disk": [
              {
                "auto_delete": true,
                "device_name": "fhm6f8in6c9i70ligpaj",
                "disk_id": "fhm6f8in6c9i70ligpaj",
                "initialize_params": [
                  {
                    "block_size": 4096,
                    "description": "",
                    "image_id": "fd800n45ob5uggkrooi8",
                    "name": "",
                    "size": 15,
                    "snapshot_id": "",
                    "type": "network-hdd"
                  }
                ],
                "mode": "READ_WRITE"
              }
            ],
            "created_at": "2022-07-07T13:09:51Z",
            "description": "",
            "folder_id": "b1gmev5moakrt87230is",
            "fqdn": "fhm9hoktilhgdre4aknv.auto.internal",
            "hostname": "fhm9hoktilhgdre4aknv",
            "id": "fhm9hoktilhgdre4aknv",
            "labels": null,
            "metadata": {
              "user-data": "#cloud-config\nusers:\n    - name: admin\n      groups: sudo\n      shell: /bin/bash\n      sudo: ['ALL=(ALL) NOPASSWD:ALL']\n      passwd: admin\n      ssh_authorized_keys: \n        - ssh-rsa AAAAB3NzaC1yc2EAAAADAQABAAABgQDO1PKtrAkY8cvg848x2hq/koOhBtvtnCo+5VXv8DMUGuBuapdc2TovyIXLgKIqja4/wN1eJDrl+3u+Ej5yx3IurmdtHnLgiZRm6eV/5aJMMsG7BwBMFvAcigb1Ci7xbKOZGVA+8GsAD0Iq1G+L7XFDQ7Gum9dvc6Zoonrxw8Oj8uxOcaCpdWxlZknPwb4G0S2C+ULg+XdPPD9zXiW7rvmEtcLiTKMQC6bkoPNHuZp4jJqgkc+bQaojI127ELCY5uHzrWRv1LEBTD+Dsq+SlD8sbTYh/cGwZfIT4nJlf85UoPNCa/QcDFjIaUFaHT7hyMzIcdVoVW8JjAawj2Y866053zA4m1boNn5OZ3vOv5isqYUQZORdn0IVA0AOeO/fcqXFQk4ekc/1ADE0rGihs4XkZGeepodwfGhQDYDTZmEeizKj9oZABxYR/g/PfZBv75mYA6U8Wlf2s6kq5VXqDyGuYK97LOSBVbMyHpL1MTKahd+cb3AV1p1rIe/WCdbc84k= terra@TerraAnsMPP"
            },
            "name": "datatwo",
            "network_acceleration_type": "standard",
            "network_interface": [
              {
                "dns_record": [],
                "index": 0,
                "ip_address": "10.128.0.12",
                "ipv4": true,
                "ipv6": false,
                "ipv6_address": "",
                "ipv6_dns_record": [],
                "mac_address": "d0:0d:98:e2:9d:95",
                "nat": true,
                "nat_dns_record": [],
                "nat_ip_address": "51.250.65.227",
                "nat_ip_version": "IPV4",
                "security_group_ids": [],
                "subnet_id": "e9bpen7ln9abjbcsud2l"
              }
            ],
            "placement_policy": [
              {
                "placement_group_id": ""
              }
            ],
            "platform_id": "standard-v1",
            "resources": [
              {
                "core_fraction": 100,
                "cores": 2,
                "gpus": 0,
                "memory": 4
              }
            ],
            "scheduling_policy": [
              {
                "preemptible": false
              }
            ],
            "secondary_disk": [],
            "service_account_id": "",
            "status": "running",
            "timeouts": null,
            "zone": "ru-central1-a"
          },
          "sensitive_attributes": [],
          "private": "eyJlMmJmYjczMC1lY2FhLTExZTYtOGY4OC0zNDM2M2JjN2M0YzAiOnsiY3JlYXRlIjozMDAwMDAwMDAwMDAsImRlbGV0ZSI6MzAwMDAwMDAwMDAwLCJ1cGRhdGUiOjMwMDAwMDAwMDAwMH0sInNjaGVtYV92ZXJzaW9uIjoiMSJ9"
        }
      ]
    }
  ]
}
